PODS:
  - AFNetworking (3.1.0):
    - AFNetworking/NSURLSession (= 3.1.0)
    - AFNetworking/Reachability (= 3.1.0)
    - AFNetworking/Security (= 3.1.0)
    - AFNetworking/Serialization (= 3.1.0)
    - AFNetworking/UIKit (= 3.1.0)
  - AFNetworking/NSURLSession (3.1.0):
    - AFNetworking/Reachability
    - AFNetworking/Security
    - AFNetworking/Serialization
  - AFNetworking/Reachability (3.1.0)
  - AFNetworking/Security (3.1.0)
  - AFNetworking/Serialization (3.1.0)
  - AFNetworking/UIKit (3.1.0):
    - AFNetworking/NSURLSession
  - Alamofire (4.4.0)
  - AlamofireImage (3.2.0):
    - Alamofire (~> 4.1)
  - Bolts (1.8.4):
    - Bolts/AppLinks (= 1.8.4)
    - Bolts/Tasks (= 1.8.4)
  - Bolts/AppLinks (1.8.4):
    - Bolts/Tasks
  - Bolts/Tasks (1.8.4)
  - ClusterKit (0.1.2):
    - ClusterKit/Core (= 0.1.2)
  - ClusterKit/Core (0.1.2)
  - FBSDKCoreKit (4.22.0):
    - Bolts (~> 1.7)
  - FBSDKLoginKit (4.22.0):
    - FBSDKCoreKit
  - FBSDKMessengerShareKit (1.3.2)
  - FBSDKShareKit (4.22.0):
    - FBSDKCoreKit
  - Firebase (3.17.0):
    - Firebase/Core (= 3.17.0)
  - Firebase/AdMob (3.17.0):
    - Firebase/Core
    - Google-Mobile-Ads-SDK (= 7.19.1)
  - Firebase/AppIndexing (3.17.0):
    - Firebase/Core
    - FirebaseAppIndexing (= 1.2.0)
  - Firebase/Auth (3.17.0):
    - Firebase/Core
    - FirebaseAuth (= 3.1.1)
  - Firebase/Core (3.17.0):
    - FirebaseAnalytics (= 3.9.0)
    - FirebaseCore (= 3.6.0)
  - Firebase/Crash (3.17.0):
    - Firebase/Core
    - FirebaseCrash (= 1.1.6)
  - Firebase/Database (3.17.0):
    - Firebase/Core
    - FirebaseDatabase (= 3.1.2)
  - Firebase/DynamicLinks (3.17.0):
    - Firebase/Core
    - FirebaseDynamicLinks (= 1.4.0)
  - Firebase/Messaging (3.17.0):
    - Firebase/Core
    - FirebaseMessaging (= 1.2.3)
  - Firebase/RemoteConfig (3.17.0):
    - Firebase/Core
    - FirebaseRemoteConfig (= 1.3.4)
  - Firebase/Storage (3.17.0):
    - Firebase/Core
    - FirebaseStorage (= 1.1.0)
  - FirebaseAnalytics (3.9.0):
    - FirebaseCore (~> 3.6)
    - FirebaseInstanceID (~> 1.0)
    - GoogleToolboxForMac/NSData+zlib (~> 2.1)
  - FirebaseAppIndexing (1.2.0)
  - FirebaseAuth (3.1.1):
    - FirebaseAnalytics (~> 3.7)
    - GoogleToolboxForMac/NSDictionary+URLArguments (~> 2.1)
    - GTMSessionFetcher/Core (~> 1.1)
  - FirebaseCore (3.6.0):
    - GoogleToolboxForMac/NSData+zlib (~> 2.1)
  - FirebaseCrash (1.1.6):
    - FirebaseAnalytics (~> 3.7)
    - FirebaseInstanceID (~> 1.0)
    - GoogleToolboxForMac/Logger (~> 2.1)
    - GoogleToolboxForMac/NSData+zlib (~> 2.1)
    - Protobuf (~> 3.1)
  - FirebaseDatabase (3.1.2):
    - FirebaseAnalytics (~> 3.7)
  - FirebaseDynamicLinks (1.4.0):
    - FirebaseAnalytics (~> 3.9)
  - FirebaseInstanceID (1.0.10):
    - FirebaseCore (~> 3.6)
  - FirebaseMessaging (1.2.3):
    - FirebaseAnalytics (~> 3.8)
    - FirebaseInstanceID (~> 1.0)
    - GoogleToolboxForMac/Logger (~> 2.1)
    - Protobuf (~> 3.1)
  - FirebaseRemoteConfig (1.3.4):
    - FirebaseAnalytics (~> 3.7)
    - FirebaseInstanceID (~> 1.0)
    - GoogleToolboxForMac/NSData+zlib (~> 2.1)
    - Protobuf (~> 3.1)
  - FirebaseStorage (1.1.0):
    - FirebaseAnalytics (~> 3.7)
    - GTMSessionFetcher/Core (~> 1.1)
  - Google-Mobile-Ads-SDK (7.19.1)
  - GoogleMaps (2.3.0):
    - GoogleMaps/Maps (= 2.3.0)
  - GoogleMaps/Base (2.3.0)
  - GoogleMaps/Maps (2.3.0):
    - GoogleMaps/Base
  - GooglePlaces (2.3.0):
    - GoogleMaps/Base (= 2.3.0)
  - GoogleToolboxForMac/DebugUtils (2.1.1):
    - GoogleToolboxForMac/Defines (= 2.1.1)
  - GoogleToolboxForMac/Defines (2.1.1)
  - GoogleToolboxForMac/Logger (2.1.1):
    - GoogleToolboxForMac/Defines (= 2.1.1)
  - GoogleToolboxForMac/NSData+zlib (2.1.1):
    - GoogleToolboxForMac/Defines (= 2.1.1)
  - GoogleToolboxForMac/NSDictionary+URLArguments (2.1.1):
    - GoogleToolboxForMac/DebugUtils (= 2.1.1)
    - GoogleToolboxForMac/Defines (= 2.1.1)
    - GoogleToolboxForMac/NSString+URLArguments (= 2.1.1)
  - GoogleToolboxForMac/NSString+URLArguments (2.1.1)
  - GTMSessionFetcher/Core (1.1.9)
  - Kingfisher (3.9.1)
  - Koloda (4.1):
    - pop (~> 1.0)
  - MIBadgeButton-Swift (0.5)
  - OAuthSwift (1.1.1)
  - ObjectMapper (2.2.6)
  - PINCache (3.0.1-beta.4):
    - PINCache/Arc-exception-safe (= 3.0.1-beta.4)
    - PINCache/Core (= 3.0.1-beta.4)
  - PINCache/Arc-exception-safe (3.0.1-beta.4):
    - PINCache/Core
  - PINCache/Core (3.0.1-beta.4):
    - PINOperation (= 1.0.3)
  - PINOperation (1.0.3)
  - PINRemoteImage/Core (3.0.0-beta.9):
    - PINOperation
  - PINRemoteImage/iOS (3.0.0-beta.9):
    - PINRemoteImage/Core
  - PINRemoteImage/PINCache (3.0.0-beta.9):
    - PINCache (= 3.0.1-beta.4)
    - PINRemoteImage/Core
  - PKHUD (4.2.1)
  - pop (1.0.9)
  - Protobuf (3.2.1)
  - ReachabilitySwift (3)
  - Realm (2.7.0):
    - Realm/Headers (= 2.7.0)
  - Realm/Headers (2.7.0)
  - RealmGeoQueries (1.2):
    - RealmSwift
  - RealmSwift (2.7.0):
    - Realm (= 2.7.0)
  - SlideMenuControllerSwift (3.0.1)
  - SwiftyCam (2.3.0)
  - SwiftyImage (1.1.0)
  - Texture (2.3.2):
    - Texture/PINRemoteImage (= 2.3.2)
  - Texture/Core (2.3.2)
  - Texture/PINRemoteImage (2.3.2):
    - PINRemoteImage/iOS (= 3.0.0-beta.9)
    - PINRemoteImage/PINCache
    - Texture/Core
  - UberRides (0.5.2):
    - ObjectMapper (~> 2.0)

DEPENDENCIES:
  - AFNetworking (~> 3.1)
  - AlamofireImage
  - ClusterKit
  - FBSDKCoreKit
  - FBSDKLoginKit
  - FBSDKMessengerShareKit
  - FBSDKShareKit
  - Firebase
  - Firebase/AdMob
  - Firebase/AppIndexing
  - Firebase/Auth
  - Firebase/Core
  - Firebase/Crash
  - Firebase/Database
  - Firebase/DynamicLinks
  - Firebase/Messaging
  - Firebase/RemoteConfig
  - Firebase/Storage
  - GoogleMaps
  - GooglePlaces
  - Kingfisher
  - Koloda (~> 4.0)
  - MIBadgeButton-Swift (from `https://github.com/mustafaibrahim989/MIBadgeButton-Swift.git`, branch `master`)
  - OAuthSwift (~> 1.1)
  - PKHUD
  - ReachabilitySwift (~> 3)
  - RealmGeoQueries
  - RealmSwift
  - SlideMenuControllerSwift
  - SwiftyCam
  - SwiftyImage (~> 1.0)
  - Texture
  - UberRides (from `https://github.com/long/rides-ios-sdk.git`, branch `swift-3-dev`)

EXTERNAL SOURCES:
  MIBadgeButton-Swift:
    :branch: master
    :git: https://github.com/mustafaibrahim989/MIBadgeButton-Swift.git
  UberRides:
    :branch: swift-3-dev
    :git: https://github.com/long/rides-ios-sdk.git

CHECKOUT OPTIONS:
  MIBadgeButton-Swift:
    :commit: 3c2638d2e6e46ec2e6dd978d8ada8863df3df5e6
    :git: https://github.com/mustafaibrahim989/MIBadgeButton-Swift.git
  UberRides:
    :commit: 7ba4b33fe464de3520bccbb8eb35cb4015363130
    :git: https://github.com/long/rides-ios-sdk.git

SPEC CHECKSUMS:
  AFNetworking: 5e0e199f73d8626b11e79750991f5d173d1f8b67
  Alamofire: dc44b1600b800eb63da6a19039a0083d62a6a62d
  AlamofireImage: 157ed682cc81d3b9db4fb90c1f12180ac552d93b
  Bolts: 8a7995239dbe724f9cba2248b766d48b7ebdd322
  ClusterKit: 4f28aa069364e8448bb9ee8a810f551f862220fa
  FBSDKCoreKit: c693bad19feb225469eeff14452ba364522ee48b
  FBSDKLoginKit: 1fa529fc622d7b32ebeaffbecd377180833c6d30
  FBSDKMessengerShareKit: 41c0b1a667d685c9433f993eb9611b3d5074e1cb
  FBSDKShareKit: 21ab3c8d173f4fa20c47c1061f3a9fac5950b5fa
  Firebase: 4b66b5b59c43edac745b87f0c87e42cdd0279c13
  FirebaseAnalytics: e5fe8486efc01bec33f6bf82e2fa9fce4b124052
  FirebaseAppIndexing: adf2f3b14b6828f1d4c539fc72434962cf29ea2c
  FirebaseAuth: cc8a1824170adbd351edb7f994490a3fb5c18be6
  FirebaseCore: 9691ee2ade70c098d7cf92440f4303f16d83ca75
  FirebaseCrash: db4c05d9c75baa050744d31b36357c8f1efba481
  FirebaseDatabase: 05c96d7b43a7368dc91c07791adb49683e1738d1
  FirebaseDynamicLinks: 0dbfd974f560dd1bda7498afc24697adb5cce72f
  FirebaseInstanceID: b9eedd6846fb5e1f0f7279e1deaa7a7e4cf8392e
  FirebaseMessaging: 753d05a925e9eb8eadd09a0ffc9b808578b72fac
  FirebaseRemoteConfig: af3003f4e8daa2bd1d5cf90d3cccc1fe224f8ed9
  FirebaseStorage: a5c55b23741a49a72af8f30f95b3bb5ddbeda12d
  Google-Mobile-Ads-SDK: 43ac87810e4961f5093024d3525bfe022f956da3
  GoogleMaps: 340a6a0bebd17c2db8abcd3921976c7c53c86cb8
  GooglePlaces: 74d322c74184ea4576184089b496d291cf0dcd38
  GoogleToolboxForMac: 8e329f1b599f2512c6b10676d45736bcc2cbbeb0
  GTMSessionFetcher: 5c046c76a1f859bc9c187e918f18e4fc7bb57b5e
  Kingfisher: 6729a0baaa458245bfb8cd5a1296c71c10d6eb6c
  Koloda: 6c4fa3ce9a68776a8ef973311e53fdda432799a8
  MIBadgeButton-Swift: 9e57309b00b168d75ca8fecb45bc75124a8ffddf
  OAuthSwift: 6e3a103b3e5639411769cc7e199ec7e14bd1547f
  ObjectMapper: 042708195cc46c20871cbcbec0453826398273fd
  PINCache: a89c8f609232afac77128557bd12c861844423d7
  PINOperation: ac23db44796d4a564ecf9b5ea7163510f579b71d
  PINRemoteImage: e4e02e15a6f96cedbcef2abf1c9c1228dc9897d7
  PKHUD: 957ce2a68b3c97a51839b30216120c1dbc0c3a78
  pop: f667631a5108a2e60d9e8797c9b32ddaf2080bce
  Protobuf: 2ccbaf193f6c65adc67745453ca0c13234c32796
  ReachabilitySwift: f5b9bb30a0777fac8f09ce8b067e32faeb29bb64
  Realm: 07e5d3a9e0e41d65fd5f9f05150ed6295d0f093b
  RealmGeoQueries: 84f2628e2fcc7593a41639c7b8526d6e88a1f071
  RealmSwift: 6d06425d3900c86473c4f323bf6949b43fca22bc
  SlideMenuControllerSwift: 9a163b16d54afab734add42858cba7ef7c307755
  SwiftyCam: be1f832a32b12810e86e23a87caccadd855226ea
  SwiftyImage: 4d3feb0211beb7217b39ac553e3ee64ceb72d611
  Texture: 18664254419f35de27af76399b3b265cbad5740a
  UberRides: 96eb232374a6e8e616c20fdba83c2643a6ad08dc

PODFILE CHECKSUM: 3e0ffb2d61eee2d2e5e8776cb2c878c602d048f7

COCOAPODS: 1.1.1
